
Microsoft Visual Studio Solution File, Format Version 11.00
# Visual Studio 2010
Project("{FAE04EC0-301F-11D3-BF4B-00C04F79EFBC}") = "AsposeSugar", "AsposeSugar\AsposeSugar.csproj", "{DAA222CD-E49F-4B9B-A1E5-5D9DE8E383B8}"
EndProject
Project("{FAE04EC0-301F-11D3-BF4B-00C04F79EFBC}") = "Test", "Test\Test.csproj", "{7A99A893-DD30-4E44-8FBA-8DD422BE9DA9}"
EndProject
Global
	GlobalSection(SolutionConfigurationPlatforms) = preSolution
		Debug|Any CPU = Debug|Any CPU
		Debug|Mixed Platforms = Debug|Mixed Platforms
		Debug|x86 = Debug|x86
		Release|Any CPU = Release|Any CPU
		Release|Mixed Platforms = Release|Mixed Platforms
		Release|x86 = Release|x86
	EndGlobalSection
	GlobalSection(ProjectConfigurationPlatforms) = postSolution
		{DAA222CD-E49F-4B9B-A1E5-5D9DE8E383B8}.Debug|Any CPU.ActiveCfg = Debug|Any CPU
		{DAA222CD-E49F-4B9B-A1E5-5D9DE8E383B8}.Debug|Any CPU.Build.0 = Debug|Any CPU
		{DAA222CD-E49F-4B9B-A1E5-5D9DE8E383B8}.Debug|Mixed Platforms.ActiveCfg = Debug|Any CPU
		{DAA222CD-E49F-4B9B-A1E5-5D9DE8E383B8}.Debug|Mixed Platforms.Build.0 = Debug|Any CPU
		{DAA222CD-E49F-4B9B-A1E5-5D9DE8E383B8}.Debug|x86.ActiveCfg = Debug|Any CPU
		{DAA222CD-E49F-4B9B-A1E5-5D9DE8E383B8}.Release|Any CPU.ActiveCfg = Release|Any CPU
		{DAA222CD-E49F-4B9B-A1E5-5D9DE8E383B8}.Release|Any CPU.Build.0 = Release|Any CPU
		{DAA222CD-E49F-4B9B-A1E5-5D9DE8E383B8}.Release|Mixed Platforms.ActiveCfg = Release|Any CPU
		{DAA222CD-E49F-4B9B-A1E5-5D9DE8E383B8}.Release|Mixed Platforms.Build.0 = Release|Any CPU
		{DAA222CD-E49F-4B9B-A1E5-5D9DE8E383B8}.Release|x86.ActiveCfg = Release|Any CPU
		{7A99A893-DD30-4E44-8FBA-8DD422BE9DA9}.Debug|Any CPU.ActiveCfg = Debug|Any CPU
		{7A99A893-DD30-4E44-8FBA-8DD422BE9DA9}.Debug|Any CPU.Build.0 = Debug|Any CPU
		{7A99A893-DD30-4E44-8FBA-8DD422BE9DA9}.Debug|Mixed Platforms.ActiveCfg = Debug|Any CPU
		{7A99A893-DD30-4E44-8FBA-8DD422BE9DA9}.Debug|Mixed Platforms.Build.0 = Debug|Any CPU
		{7A99A893-DD30-4E44-8FBA-8DD422BE9DA9}.Debug|x86.ActiveCfg = Debug|Any CPU
		{7A99A893-DD30-4E44-8FBA-8DD422BE9DA9}.Release|Any CPU.ActiveCfg = Release|Any CPU
		{7A99A893-DD30-4E44-8FBA-8DD422BE9DA9}.Release|Any CPU.Build.0 = Release|Any CPU
		{7A99A893-DD30-4E44-8FBA-8DD422BE9DA9}.Release|Mixed Platforms.ActiveCfg = Release|Any CPU
		{7A99A893-DD30-4E44-8FBA-8DD422BE9DA9}.Release|Mixed Platforms.Build.0 = Release|Any CPU
		{7A99A893-DD30-4E44-8FBA-8DD422BE9DA9}.Release|x86.ActiveCfg = Release|Any CPU
	EndGlobalSection
	GlobalSection(SolutionProperties) = preSolution
		HideSolutionNode = FALSE
	EndGlobalSection
EndGlobal
